
Microsoft Visual Studio Solution File, Format Version 12.00
# Visual Studio 14
VisualStudioVersion = 14.0.25420.1
MinimumVisualStudioVersion = 10.0.40219.1
Project("{2150E333-8FDC-42A3-9474-1A3956D46DE8}") = "src", "src", "{54D0DA70-A127-4AB9-A982-EF7D14CBCFD5}"
EndProject
Project("{2150E333-8FDC-42A3-9474-1A3956D46DE8}") = "Solution Items", "Solution Items", "{3B9B73EF-6484-4BA5-92D1-7B4AD4C24621}"
	ProjectSection(SolutionItems) = preProject
		global.json = global.json
	EndProjectSection
EndProject
Project("{8BB2217D-0F2D-49D1-97BC-3654ED321F3B}") = "StudentProgress", "src\StudentProgress\StudentProgress.xproj", "{887FBCAC-A72B-4216-84D7-5DBEED7E851F}"
EndProject
Project("{2150E333-8FDC-42A3-9474-1A3956D46DE8}") = "lib", "lib", "{2E53C3C6-2472-475B-A4BD-49FA3401C7D5}"
EndProject
Global
	GlobalSection(SolutionConfigurationPlatforms) = preSolution
		Debug|Any CPU = Debug|Any CPU
		Release|Any CPU = Release|Any CPU
	EndGlobalSection
	GlobalSection(ProjectConfigurationPlatforms) = postSolution
		{887FBCAC-A72B-4216-84D7-5DBEED7E851F}.Debug|Any CPU.ActiveCfg = Debug|Any CPU
		{887FBCAC-A72B-4216-84D7-5DBEED7E851F}.Debug|Any CPU.Build.0 = Debug|Any CPU
		{887FBCAC-A72B-4216-84D7-5DBEED7E851F}.Release|Any CPU.ActiveCfg = Release|Any CPU
		{887FBCAC-A72B-4216-84D7-5DBEED7E851F}.Release|Any CPU.Build.0 = Release|Any CPU
	EndGlobalSection
	GlobalSection(SolutionProperties) = preSolution
		HideSolutionNode = FALSE
	EndGlobalSection
	GlobalSection(NestedProjects) = preSolution
		{887FBCAC-A72B-4216-84D7-5DBEED7E851F} = {54D0DA70-A127-4AB9-A982-EF7D14CBCFD5}
	EndGlobalSection
EndGlobal
